
Microsoft Visual Studio Solution File, Format Version 12.00
# Visual Studio Version 17
VisualStudioVersion = 17.10.34928.147
MinimumVisualStudioVersion = 10.0.40219.1
Project("{2150E333-8FDC-42A3-9474-1A3956D46DE8}") = "src", "src", "{07F285CF-0A36-4D89-89FD-786370803EFE}"
EndProject
Project("{FAE04EC0-301F-11D3-BF4B-00C04F79EFBC}") = "CleanArchitectureTemplate.API", "src\CleanArchitectureTemplate.API\CleanArchitectureTemplate.API.csproj", "{AB1C687C-ACB2-49AC-A24F-C27FACF433D3}"
EndProject
Project("{FAE04EC0-301F-11D3-BF4B-00C04F79EFBC}") = "CleanArchitectureTemplate.Domain", "src\CleanArchitectureTemplate.Domain\CleanArchitectureTemplate.Domain.csproj", "{280A3124-D9F8-41A3-A935-AD8666C1968D}"
EndProject
Project("{FAE04EC0-301F-11D3-BF4B-00C04F79EFBC}") = "CleanArchitectureTemplate.Application", "src\CleanArchitectureTemplate.Application\CleanArchitectureTemplate.Application.csproj", "{ACDF31C2-8994-4EEA-ACCD-2EC6C0FF3E43}"
EndProject
Project("{FAE04EC0-301F-11D3-BF4B-00C04F79EFBC}") = "CleanArchitectureTemplate.Infrastructure", "src\CleanArchitectureTemplate.Infrastructure\CleanArchitectureTemplate.Infrastructure.csproj", "{735E5C74-C3BF-430D-9C67-A46D590AF113}"
EndProject
Global
	GlobalSection(SolutionConfigurationPlatforms) = preSolution
		Debug|Any CPU = Debug|Any CPU
		Release|Any CPU = Release|Any CPU
	EndGlobalSection
	GlobalSection(ProjectConfigurationPlatforms) = postSolution
		{AB1C687C-ACB2-49AC-A24F-C27FACF433D3}.Debug|Any CPU.ActiveCfg = Debug|Any CPU
		{AB1C687C-ACB2-49AC-A24F-C27FACF433D3}.Debug|Any CPU.Build.0 = Debug|Any CPU
		{AB1C687C-ACB2-49AC-A24F-C27FACF433D3}.Release|Any CPU.ActiveCfg = Release|Any CPU
		{AB1C687C-ACB2-49AC-A24F-C27FACF433D3}.Release|Any CPU.Build.0 = Release|Any CPU
		{280A3124-D9F8-41A3-A935-AD8666C1968D}.Debug|Any CPU.ActiveCfg = Debug|Any CPU
		{280A3124-D9F8-41A3-A935-AD8666C1968D}.Debug|Any CPU.Build.0 = Debug|Any CPU
		{280A3124-D9F8-41A3-A935-AD8666C1968D}.Release|Any CPU.ActiveCfg = Release|Any CPU
		{280A3124-D9F8-41A3-A935-AD8666C1968D}.Release|Any CPU.Build.0 = Release|Any CPU
		{ACDF31C2-8994-4EEA-ACCD-2EC6C0FF3E43}.Debug|Any CPU.ActiveCfg = Debug|Any CPU
		{ACDF31C2-8994-4EEA-ACCD-2EC6C0FF3E43}.Debug|Any CPU.Build.0 = Debug|Any CPU
		{ACDF31C2-8994-4EEA-ACCD-2EC6C0FF3E43}.Release|Any CPU.ActiveCfg = Release|Any CPU
		{ACDF31C2-8994-4EEA-ACCD-2EC6C0FF3E43}.Release|Any CPU.Build.0 = Release|Any CPU
		{735E5C74-C3BF-430D-9C67-A46D590AF113}.Debug|Any CPU.ActiveCfg = Debug|Any CPU
		{735E5C74-C3BF-430D-9C67-A46D590AF113}.Debug|Any CPU.Build.0 = Debug|Any CPU
		{735E5C74-C3BF-430D-9C67-A46D590AF113}.Release|Any CPU.ActiveCfg = Release|Any CPU
		{735E5C74-C3BF-430D-9C67-A46D590AF113}.Release|Any CPU.Build.0 = Release|Any CPU
	EndGlobalSection
	GlobalSection(SolutionProperties) = preSolution
		HideSolutionNode = FALSE
	EndGlobalSection
	GlobalSection(NestedProjects) = preSolution
		{AB1C687C-ACB2-49AC-A24F-C27FACF433D3} = {07F285CF-0A36-4D89-89FD-786370803EFE}
		{280A3124-D9F8-41A3-A935-AD8666C1968D} = {07F285CF-0A36-4D89-89FD-786370803EFE}
		{ACDF31C2-8994-4EEA-ACCD-2EC6C0FF3E43} = {07F285CF-0A36-4D89-89FD-786370803EFE}
		{735E5C74-C3BF-430D-9C67-A46D590AF113} = {07F285CF-0A36-4D89-89FD-786370803EFE}
	EndGlobalSection
	GlobalSection(ExtensibilityGlobals) = postSolution
		SolutionGuid = {E9AA649E-54A3-4B66-89B0-5B141F3D0DB9}
	EndGlobalSection
EndGlobal
